{
    "name": "hasurafire",
    "version": "0.1.0",
    "lockfileVersion": 2,
    "requires": true,
    "packages": {
        "": {
            "version": "0.1.0",
            "license": "MIT",
            "dependencies": {
                "@firebase/analytics": "^0.10.0",
                "@firebase/app": "^0.6.0",
                "@firebase/auth": "^0.14.4",
                "@firebase/performance": "^0.6.4",
                "apollo-cache-inmemory": "^1.6.5",
                "apollo-client": "^2.6.8",
                "apollo-link-http": "^1.5.16",
                "apollo-link-ws": "^1.0.19",
                "bufferutil": "^4.0.1",
                "graphql": "^14.0.0",
                "graphql-tag": "^2.10.3",
                "subscriptions-transport-ws": "^0.9.16",
                "utf-8-validate": "^5.0.2"
            }
        },
        "node_modules/@firebase/analytics": {
            "version": "0.10.0",
            "resolved": "https://registry.npmjs.org/@firebase/analytics/-/analytics-0.10.0.tgz",
            "integrity": "sha512-Locv8gAqx0e+GX/0SI3dzmBY5e9kjVDtD+3zCFLJ0tH2hJwuCAiL+5WkHuxKj92rqQj/rvkBUCfA1ewlX2hehg==",
            "dependencies": {
                "@firebase/component": "0.6.4",
                "@firebase/installations": "0.6.4",
                "@firebase/logger": "0.4.0",
                "@firebase/util": "1.9.3",
                "tslib": "^2.1.0"
            },
            "peerDependencies": {
                "@firebase/app": "0.x"
            }
        },
        "node_modules/@firebase/analytics/node_modules/@firebase/logger": {
            "version": "0.4.0",
            "resolved": "https://registry.npmjs.org/@firebase/logger/-/logger-0.4.0.tgz",
            "integrity": "sha512-eRKSeykumZ5+cJPdxxJRgAC3G5NknY2GwEbKfymdnXtnT0Ucm4pspfR6GT4MUQEDuJwRVbVcSx85kgJulMoFFA==",
            "dependencies": {
                "tslib": "^2.1.0"
            }
        },
        "node_modules/@firebase/analytics/node_modules/tslib": {
            "version": "2.5.0",
            "resolved": "https://registry.npmjs.org/tslib/-/tslib-2.5.0.tgz",
            "integrity": "sha512-336iVw3rtn2BUK7ORdIAHTyxHGRIHVReokCR3XjbckJMK7ms8FysBfhLR8IXnAgy7T0PTPNBWKiH514FOW/WSg=="
        },
        "node_modules/@firebase/app": {
            "version": "0.6.30",
            "resolved": "https://registry.npmjs.org/@firebase/app/-/app-0.6.30.tgz",
            "integrity": "sha512-uAYEDXyK0mmpZ8hWQj5TNd7WVvfsU8PgsqKpGljbFBG/HhsH8KbcykWAAA+c1PqL7dt/dbt0Reh1y9zEdYzMhg==",
            "dependencies": {
                "@firebase/app-types": "0.6.3",
                "@firebase/component": "0.5.6",
                "@firebase/logger": "0.2.6",
                "@firebase/util": "1.3.0",
                "dom-storage": "2.1.0",
                "tslib": "^2.1.0",
                "xmlhttprequest": "1.8.0"
            }
        },
        "node_modules/@firebase/app-types": {
            "version": "0.6.3",
            "resolved": "https://registry.npmjs.org/@firebase/app-types/-/app-types-0.6.3.tgz",
            "integrity": "sha512-/M13DPPati7FQHEQ9Minjk1HGLm/4K4gs9bR4rzLCWJg64yGtVC0zNg9gDpkw9yc2cvol/mNFxqTtd4geGrwdw=="
        },
        "node_modules/@firebase/app/node_modules/@firebase/component": {
            "version": "0.5.6",
            "resolved": "https://registry.npmjs.org/@firebase/component/-/component-0.5.6.tgz",
            "integrity": "sha512-GyQJ+2lrhsDqeGgd1VdS7W+Y6gNYyI0B51ovNTxeZVG/W8I7t9MwEiCWsCvfm5wQgfsKp9dkzOcJrL5k8oVO/Q==",
            "dependencies": {
                "@firebase/util": "1.3.0",
                "tslib": "^2.1.0"
            }
        },
        "node_modules/@firebase/app/node_modules/@firebase/util": {
            "version": "1.3.0",
            "resolved": "https://registry.npmjs.org/@firebase/util/-/util-1.3.0.tgz",
            "integrity": "sha512-SESvmYwuKOVCZ1ZxLbberbx+9cnbxpCa4CG2FUSQYqN6Ab8KyltegMDIsqMw5KyIBZ4n1phfHoOa22xo5NzAlQ==",
            "dependencies": {
                "tslib": "^2.1.0"
            }
        },
        "node_modules/@firebase/app/node_modules/tslib": {
            "version": "2.5.0",
            "resolved": "https://registry.npmjs.org/tslib/-/tslib-2.5.0.tgz",
            "integrity": "sha512-336iVw3rtn2BUK7ORdIAHTyxHGRIHVReokCR3XjbckJMK7ms8FysBfhLR8IXnAgy7T0PTPNBWKiH514FOW/WSg=="
        },
        "node_modules/@firebase/auth": {
            "version": "0.14.9",
            "resolved": "https://registry.npmjs.org/@firebase/auth/-/auth-0.14.9.tgz",
            "integrity": "sha512-PxYa2r5qUEdheXTvqROFrMstK8W4uPiP7NVfp+2Bec+AjY5PxZapCx/YFDLkU0D7YBI82H74PtZrzdJZw7TJ4w==",
            "dependencies": {
                "@firebase/auth-types": "0.10.1"
            }
        },
        "node_modules/@firebase/auth-types": {
            "version": "0.10.1",
            "resolved": "https://registry.npmjs.org/@firebase/auth-types/-/auth-types-0.10.1.tgz",
            "integrity": "sha512-/+gBHb1O9x/YlG7inXfxff/6X3BPZt4zgBv4kql6HEmdzNQCodIRlEYnI+/da+lN+dha7PjaFH7C7ewMmfV7rw=="
        },
        "node_modules/@firebase/component": {
            "version": "0.6.4",
            "resolved": "https://registry.npmjs.org/@firebase/component/-/component-0.6.4.tgz",
            "integrity": "sha512-rLMyrXuO9jcAUCaQXCMjCMUsWrba5fzHlNK24xz5j2W6A/SRmK8mZJ/hn7V0fViLbxC0lPMtrK1eYzk6Fg03jA==",
            "dependencies": {
                "@firebase/util": "1.9.3",
                "tslib": "^2.1.0"
            }
        },
        "node_modules/@firebase/component/node_modules/tslib": {
            "version": "2.5.0",
            "resolved": "https://registry.npmjs.org/tslib/-/tslib-2.5.0.tgz",
            "integrity": "sha512-336iVw3rtn2BUK7ORdIAHTyxHGRIHVReokCR3XjbckJMK7ms8FysBfhLR8IXnAgy7T0PTPNBWKiH514FOW/WSg=="
        },
        "node_modules/@firebase/installations": {
            "version": "0.6.4",
            "resolved": "https://registry.npmjs.org/@firebase/installations/-/installations-0.6.4.tgz",
            "integrity": "sha512-u5y88rtsp7NYkCHC3ElbFBrPtieUybZluXyzl7+4BsIz4sqb4vSAuwHEUgCgCeaQhvsnxDEU6icly8U9zsJigA==",
            "dependencies": {
                "@firebase/component": "0.6.4",
                "@firebase/util": "1.9.3",
                "idb": "7.0.1",
                "tslib": "^2.1.0"
            },
            "peerDependencies": {
                "@firebase/app": "0.x"
            }
        },
        "node_modules/@firebase/installations/node_modules/tslib": {
            "version": "2.5.0",
            "resolved": "https://registry.npmjs.org/tslib/-/tslib-2.5.0.tgz",
            "integrity": "sha512-336iVw3rtn2BUK7ORdIAHTyxHGRIHVReokCR3XjbckJMK7ms8FysBfhLR8IXnAgy7T0PTPNBWKiH514FOW/WSg=="
        },
        "node_modules/@firebase/logger": {
            "version": "0.2.6",
            "resolved": "https://registry.npmjs.org/@firebase/logger/-/logger-0.2.6.tgz",
            "integrity": "sha512-KIxcUvW/cRGWlzK9Vd2KB864HlUnCfdTH0taHE0sXW5Xl7+W68suaeau1oKNEqmc3l45azkd4NzXTCWZRZdXrw=="
        },
        "node_modules/@firebase/performance": {
            "version": "0.6.4",
            "resolved": "https://registry.npmjs.org/@firebase/performance/-/performance-0.6.4.tgz",
            "integrity": "sha512-HfTn/bd8mfy/61vEqaBelNiNnvAbUtME2S25A67Nb34zVuCSCRIX4SseXY6zBnOFj3oLisaEqhVcJmVPAej67g==",
            "dependencies": {
                "@firebase/component": "0.6.4",
                "@firebase/installations": "0.6.4",
                "@firebase/logger": "0.4.0",
                "@firebase/util": "1.9.3",
                "tslib": "^2.1.0"
            },
            "peerDependencies": {
                "@firebase/app": "0.x"
            }
        },
        "node_modules/@firebase/performance/node_modules/@firebase/logger": {
            "version": "0.4.0",
            "resolved": "https://registry.npmjs.org/@firebase/logger/-/logger-0.4.0.tgz",
            "integrity": "sha512-eRKSeykumZ5+cJPdxxJRgAC3G5NknY2GwEbKfymdnXtnT0Ucm4pspfR6GT4MUQEDuJwRVbVcSx85kgJulMoFFA==",
            "dependencies": {
                "tslib": "^2.1.0"
            }
        },
        "node_modules/@firebase/performance/node_modules/tslib": {
            "version": "2.5.0",
            "resolved": "https://registry.npmjs.org/tslib/-/tslib-2.5.0.tgz",
            "integrity": "sha512-336iVw3rtn2BUK7ORdIAHTyxHGRIHVReokCR3XjbckJMK7ms8FysBfhLR8IXnAgy7T0PTPNBWKiH514FOW/WSg=="
        },
        "node_modules/@firebase/util": {
            "version": "1.9.3",
            "resolved": "https://registry.npmjs.org/@firebase/util/-/util-1.9.3.tgz",
            "integrity": "sha512-DY02CRhOZwpzO36fHpuVysz6JZrscPiBXD0fXp6qSrL9oNOx5KWICKdR95C0lSITzxp0TZosVyHqzatE8JbcjA==",
            "dependencies": {
                "tslib": "^2.1.0"
            }
        },
        "node_modules/@firebase/util/node_modules/tslib": {
            "version": "2.5.0",
            "resolved": "https://registry.npmjs.org/tslib/-/tslib-2.5.0.tgz",
            "integrity": "sha512-336iVw3rtn2BUK7ORdIAHTyxHGRIHVReokCR3XjbckJMK7ms8FysBfhLR8IXnAgy7T0PTPNBWKiH514FOW/WSg=="
        },
        "node_modules/@types/node": {
            "version": "14.0.27",
            "resolved": "https://registry.npmjs.org/@types/node/-/node-14.0.27.tgz",
            "integrity": "sha512-kVrqXhbclHNHGu9ztnAwSncIgJv/FaxmzXJvGXNdcCpV1b8u1/Mi6z6m0vwy0LzKeXFTPLH0NzwmoJ3fNCIq0g=="
        },
        "node_modules/@types/zen-observable": {
            "version": "0.8.0",
            "resolved": "https://registry.npmjs.org/@types/zen-observable/-/zen-observable-0.8.0.tgz",
            "integrity": "sha512-te5lMAWii1uEJ4FwLjzdlbw3+n0FZNOvFXHxQDKeT0dilh7HOzdMzV2TrJVUzq8ep7J4Na8OUYPRLSQkJHAlrg=="
        },
        "node_modules/@wry/context": {
            "version": "0.4.4",
            "resolved": "https://registry.npmjs.org/@wry/context/-/context-0.4.4.tgz",
            "integrity": "sha512-LrKVLove/zw6h2Md/KZyWxIkFM6AoyKp71OqpH9Hiip1csjPVoD3tPxlbQUNxEnHENks3UGgNpSBCAfq9KWuag==",
            "dependencies": {
                "@types/node": ">=6",
                "tslib": "^1.9.3"
            }
        },
        "node_modules/@wry/equality": {
            "version": "0.1.11",
            "resolved": "https://registry.npmjs.org/@wry/equality/-/equality-0.1.11.tgz",
            "integrity": "sha512-mwEVBDUVODlsQQ5dfuLUS5/Tf7jqUKyhKYHmVi4fPB6bDMOfWvUPJmKgS1Z7Za/sOI3vzWt4+O7yCiL/70MogA==",
            "dependencies": {
                "tslib": "^1.9.3"
            }
        },
        "node_modules/apollo-cache": {
            "version": "1.3.5",
            "resolved": "https://registry.npmjs.org/apollo-cache/-/apollo-cache-1.3.5.tgz",
            "integrity": "sha512-1XoDy8kJnyWY/i/+gLTEbYLnoiVtS8y7ikBr/IfmML4Qb+CM7dEEbIUOjnY716WqmZ/UpXIxTfJsY7rMcqiCXA==",
            "dependencies": {
                "apollo-utilities": "^1.3.4",
                "tslib": "^1.10.0"
            }
        },
        "node_modules/apollo-cache-inmemory": {
            "version": "1.6.6",
            "resolved": "https://registry.npmjs.org/apollo-cache-inmemory/-/apollo-cache-inmemory-1.6.6.tgz",
            "integrity": "sha512-L8pToTW/+Xru2FFAhkZ1OA9q4V4nuvfoPecBM34DecAugUZEBhI2Hmpgnzq2hTKZ60LAMrlqiASm0aqAY6F8/A==",
            "dependencies": {
                "apollo-cache": "^1.3.5",
                "apollo-utilities": "^1.3.4",
                "optimism": "^0.10.0",
                "ts-invariant": "^0.4.0",
                "tslib": "^1.10.0"
            }
        },
        "node_modules/apollo-client": {
            "version": "2.6.10",
            "resolved": "https://registry.npmjs.org/apollo-client/-/apollo-client-2.6.10.tgz",
            "integrity": "sha512-jiPlMTN6/5CjZpJOkGeUV0mb4zxx33uXWdj/xQCfAMkuNAC3HN7CvYDyMHHEzmcQ5GV12LszWoQ/VlxET24CtA==",
            "dependencies": {
                "@types/zen-observable": "^0.8.0",
                "apollo-cache": "1.3.5",
                "apollo-link": "^1.0.0",
                "apollo-utilities": "1.3.4",
                "symbol-observable": "^1.0.2",
                "ts-invariant": "^0.4.0",
                "tslib": "^1.10.0",
                "zen-observable": "^0.8.0"
            }
        },
        "node_modules/apollo-link": {
            "version": "1.2.14",
            "resolved": "https://registry.npmjs.org/apollo-link/-/apollo-link-1.2.14.tgz",
            "integrity": "sha512-p67CMEFP7kOG1JZ0ZkYZwRDa369w5PIjtMjvrQd/HnIV8FRsHRqLqK+oAZQnFa1DDdZtOtHTi+aMIW6EatC2jg==",
            "dependencies": {
                "apollo-utilities": "^1.3.0",
                "ts-invariant": "^0.4.0",
                "tslib": "^1.9.3",
                "zen-observable-ts": "^0.8.21"
            }
        },
        "node_modules/apollo-link-http": {
            "version": "1.5.17",
            "resolved": "https://registry.npmjs.org/apollo-link-http/-/apollo-link-http-1.5.17.tgz",
            "integrity": "sha512-uWcqAotbwDEU/9+Dm9e1/clO7hTB2kQ/94JYcGouBVLjoKmTeJTUPQKcJGpPwUjZcSqgYicbFqQSoJIW0yrFvg==",
            "dependencies": {
                "apollo-link": "^1.2.14",
                "apollo-link-http-common": "^0.2.16",
                "tslib": "^1.9.3"
            }
        },
        "node_modules/apollo-link-http-common": {
            "version": "0.2.16",
            "resolved": "https://registry.npmjs.org/apollo-link-http-common/-/apollo-link-http-common-0.2.16.tgz",
            "integrity": "sha512-2tIhOIrnaF4UbQHf7kjeQA/EmSorB7+HyJIIrUjJOKBgnXwuexi8aMecRlqTIDWcyVXCeqLhUnztMa6bOH/jTg==",
            "dependencies": {
                "apollo-link": "^1.2.14",
                "ts-invariant": "^0.4.0",
                "tslib": "^1.9.3"
            }
        },
        "node_modules/apollo-link-ws": {
            "version": "1.0.20",
            "resolved": "https://registry.npmjs.org/apollo-link-ws/-/apollo-link-ws-1.0.20.tgz",
            "integrity": "sha512-mjSFPlQxmoLArpHBeUb2Xj+2HDYeTaJqFGOqQ+I8NVJxgL9lJe84PDWcPah/yMLv3rB7QgBDSuZ0xoRFBPlySw==",
            "dependencies": {
                "apollo-link": "^1.2.14",
                "tslib": "^1.9.3"
            }
        },
        "node_modules/apollo-utilities": {
            "version": "1.3.4",
            "resolved": "https://registry.npmjs.org/apollo-utilities/-/apollo-utilities-1.3.4.tgz",
            "integrity": "sha512-pk2hiWrCXMAy2fRPwEyhvka+mqwzeP60Jr1tRYi5xru+3ko94HI9o6lK0CT33/w4RDlxWchmdhDCrvdr+pHCig==",
            "dependencies": {
                "@wry/equality": "^0.1.2",
                "fast-json-stable-stringify": "^2.0.0",
                "ts-invariant": "^0.4.0",
                "tslib": "^1.10.0"
            }
        },
        "node_modules/async-limiter": {
            "version": "1.0.1",
            "resolved": "https://registry.npmjs.org/async-limiter/-/async-limiter-1.0.1.tgz",
            "integrity": "sha512-csOlWGAcRFJaI6m+F2WKdnMKr4HhdhFVBk0H/QbJFMCr+uO2kwohwXQPxw/9OCxp05r5ghVBFSyioixx3gfkNQ=="
        },
        "node_modules/backo2": {
            "version": "1.0.2",
            "resolved": "https://registry.npmjs.org/backo2/-/backo2-1.0.2.tgz",
            "integrity": "sha1-MasayLEpNjRj41s+u2n038+6eUc="
        },
        "node_modules/bufferutil": {
            "version": "4.0.1",
            "resolved": "https://registry.npmjs.org/bufferutil/-/bufferutil-4.0.1.tgz",
            "integrity": "sha512-xowrxvpxojqkagPcWRQVXZl0YXhRhAtBEIq3VoER1NH5Mw1n1o0ojdspp+GS2J//2gCVyrzQDApQ4unGF+QOoA==",
            "hasInstallScript": true,
            "dependencies": {
                "node-gyp-build": "~3.7.0"
            }
        },
        "node_modules/dom-storage": {
            "version": "2.1.0",
            "resolved": "https://registry.npmjs.org/dom-storage/-/dom-storage-2.1.0.tgz",
            "integrity": "sha512-g6RpyWXzl0RR6OTElHKBl7nwnK87GUyZMYC7JWsB/IA73vpqK2K6LT39x4VepLxlSsWBFrPVLnsSR5Jyty0+2Q==",
            "engines": {
                "node": "*"
            }
        },
        "node_modules/eventemitter3": {
            "version": "3.1.2",
            "resolved": "https://registry.npmjs.org/eventemitter3/-/eventemitter3-3.1.2.tgz",
            "integrity": "sha512-tvtQIeLVHjDkJYnzf2dgVMxfuSGJeM/7UCG17TT4EumTfNtF+0nebF/4zWOIkCreAbtNqhGEboB6BWrwqNaw4Q=="
        },
        "node_modules/fast-json-stable-stringify": {
            "version": "2.1.0",
            "resolved": "https://registry.npmjs.org/fast-json-stable-stringify/-/fast-json-stable-stringify-2.1.0.tgz",
            "integrity": "sha512-lhd/wF+Lk98HZoTCtlVraHtfh5XYijIjalXck7saUtuanSDyLMxnHhSXEDJqHxD7msR8D0uCmqlkwjCV8xvwHw=="
        },
        "node_modules/graphql": {
            "version": "14.7.0",
            "resolved": "https://registry.npmjs.org/graphql/-/graphql-14.7.0.tgz",
            "integrity": "sha512-l0xWZpoPKpppFzMfvVyFmp9vLN7w/ZZJPefUicMCepfJeQ8sMcztloGYY9DfjVPo6tIUDzU5Hw3MUbIjj9AVVA==",
            "dependencies": {
                "iterall": "^1.2.2"
            },
            "engines": {
                "node": ">= 6.x"
            }
        },
        "node_modules/graphql-tag": {
            "version": "2.11.0",
            "resolved": "https://registry.npmjs.org/graphql-tag/-/graphql-tag-2.11.0.tgz",
            "integrity": "sha512-VmsD5pJqWJnQZMUeRwrDhfgoyqcfwEkvtpANqcoUG8/tOLkwNgU9mzub/Mc78OJMhHjx7gfAMTxzdG43VGg3bA=="
        },
        "node_modules/idb": {
            "version": "7.0.1",
            "resolved": "https://registry.npmjs.org/idb/-/idb-7.0.1.tgz",
            "integrity": "sha512-UUxlE7vGWK5RfB/fDwEGgRf84DY/ieqNha6msMV99UsEMQhJ1RwbCd8AYBj3QMgnE3VZnfQvm4oKVCJTYlqIgg=="
        },
        "node_modules/iterall": {
            "version": "1.3.0",
            "resolved": "https://registry.npmjs.org/iterall/-/iterall-1.3.0.tgz",
            "integrity": "sha512-QZ9qOMdF+QLHxy1QIpUHUU1D5pS2CG2P69LF6L6CPjPYA/XMOmKV3PZpawHoAjHNyB0swdVTRxdYT4tbBbxqwg=="
        },
        "node_modules/node-gyp-build": {
            "version": "3.7.0",
            "resolved": "https://registry.npmjs.org/node-gyp-build/-/node-gyp-build-3.7.0.tgz",
            "integrity": "sha512-L/Eg02Epx6Si2NXmedx+Okg+4UHqmaf3TNcxd50SF9NQGcJaON3AtU++kax69XV7YWz4tUspqZSAsVofhFKG2w==",
            "bin": {
                "node-gyp-build": "bin.js",
                "node-gyp-build-optional": "optional.js",
                "node-gyp-build-test": "build-test.js"
            }
        },
        "node_modules/optimism": {
            "version": "0.10.3",
            "resolved": "https://registry.npmjs.org/optimism/-/optimism-0.10.3.tgz",
            "integrity": "sha512-9A5pqGoQk49H6Vhjb9kPgAeeECfUDF6aIICbMDL23kDLStBn1MWk3YvcZ4xWF9CsSf6XEgvRLkXy4xof/56vVw==",
            "dependencies": {
                "@wry/context": "^0.4.0"
            }
        },
        "node_modules/subscriptions-transport-ws": {
            "version": "0.9.17",
            "resolved": "https://registry.npmjs.org/subscriptions-transport-ws/-/subscriptions-transport-ws-0.9.17.tgz",
            "integrity": "sha512-hNHi2N80PBz4T0V0QhnnsMGvG3XDFDS9mS6BhZ3R12T6EBywC8d/uJscsga0cVO4DKtXCkCRrWm2sOYrbOdhEA==",
            "dependencies": {
                "backo2": "^1.0.2",
                "eventemitter3": "^3.1.0",
                "iterall": "^1.2.1",
                "symbol-observable": "^1.0.4",
                "ws": "^5.2.0"
            }
        },
        "node_modules/symbol-observable": {
            "version": "1.2.0",
            "resolved": "https://registry.npmjs.org/symbol-observable/-/symbol-observable-1.2.0.tgz",
            "integrity": "sha512-e900nM8RRtGhlV36KGEU9k65K3mPb1WV70OdjfxlG2EAuM1noi/E/BaW/uMhL7bPEssK8QV57vN3esixjUvcXQ==",
            "engines": {
                "node": ">=0.10.0"
            }
        },
        "node_modules/ts-invariant": {
            "version": "0.4.4",
            "resolved": "https://registry.npmjs.org/ts-invariant/-/ts-invariant-0.4.4.tgz",
            "integrity": "sha512-uEtWkFM/sdZvRNNDL3Ehu4WVpwaulhwQszV8mrtcdeE8nN00BV9mAmQ88RkrBhFgl9gMgvjJLAQcZbnPXI9mlA==",
            "dependencies": {
                "tslib": "^1.9.3"
            }
        },
        "node_modules/tslib": {
            "version": "1.13.0",
            "resolved": "https://registry.npmjs.org/tslib/-/tslib-1.13.0.tgz",
            "integrity": "sha512-i/6DQjL8Xf3be4K/E6Wgpekn5Qasl1usyw++dAA35Ue5orEn65VIxOA+YvNNl9HV3qv70T7CNwjODHZrLwvd1Q=="
        },
        "node_modules/utf-8-validate": {
            "version": "5.0.2",
            "resolved": "https://registry.npmjs.org/utf-8-validate/-/utf-8-validate-5.0.2.tgz",
            "integrity": "sha512-SwV++i2gTD5qh2XqaPzBnNX88N6HdyhQrNNRykvcS0QKvItV9u3vPEJr+X5Hhfb1JC0r0e1alL0iB09rY8+nmw==",
            "hasInstallScript": true,
            "dependencies": {
                "node-gyp-build": "~3.7.0"
            }
        },
        "node_modules/ws": {
            "version": "5.2.2",
            "resolved": "https://registry.npmjs.org/ws/-/ws-5.2.2.tgz",
            "integrity": "sha512-jaHFD6PFv6UgoIVda6qZllptQsMlDEJkTQcybzzXDYM1XO9Y8em691FGMPmM46WGyLU4z9KMgQN+qrux/nhlHA==",
            "dependencies": {
                "async-limiter": "~1.0.0"
            }
        },
        "node_modules/xmlhttprequest": {
            "version": "1.8.0",
            "resolved": "https://registry.npmjs.org/xmlhttprequest/-/xmlhttprequest-1.8.0.tgz",
            "integrity": "sha1-Z/4HXFwk/vOfnWX197f+dRcZaPw=",
            "engines": {
                "node": ">=0.4.0"
            }
        },
        "node_modules/zen-observable": {
            "version": "0.8.15",
            "resolved": "https://registry.npmjs.org/zen-observable/-/zen-observable-0.8.15.tgz",
            "integrity": "sha512-PQ2PC7R9rslx84ndNBZB/Dkv8V8fZEpk83RLgXtYd0fwUgEjseMn1Dgajh2x6S8QbZAFa9p2qVCEuYZNgve0dQ=="
        },
        "node_modules/zen-observable-ts": {
            "version": "0.8.21",
            "resolved": "https://registry.npmjs.org/zen-observable-ts/-/zen-observable-ts-0.8.21.tgz",
            "integrity": "sha512-Yj3yXweRc8LdRMrCC8nIc4kkjWecPAUVh0TI0OUrWXx6aX790vLcDlWca6I4vsyCGH3LpWxq0dJRcMOFoVqmeg==",
            "dependencies": {
                "tslib": "^1.9.3",
                "zen-observable": "^0.8.0"
            }
        }
    },
    "dependencies": {
        "@firebase/analytics": {
            "version": "0.10.0",
            "resolved": "https://registry.npmjs.org/@firebase/analytics/-/analytics-0.10.0.tgz",
            "integrity": "sha512-Locv8gAqx0e+GX/0SI3dzmBY5e9kjVDtD+3zCFLJ0tH2hJwuCAiL+5WkHuxKj92rqQj/rvkBUCfA1ewlX2hehg==",
            "requires": {
                "@firebase/component": "0.6.4",
                "@firebase/installations": "0.6.4",
                "@firebase/logger": "0.4.0",
                "@firebase/util": "1.9.3",
                "tslib": "^2.1.0"
            },
            "dependencies": {
                "@firebase/logger": {
                    "version": "0.4.0",
                    "resolved": "https://registry.npmjs.org/@firebase/logger/-/logger-0.4.0.tgz",
                    "integrity": "sha512-eRKSeykumZ5+cJPdxxJRgAC3G5NknY2GwEbKfymdnXtnT0Ucm4pspfR6GT4MUQEDuJwRVbVcSx85kgJulMoFFA==",
                    "requires": {
                        "tslib": "^2.1.0"
                    }
                },
                "tslib": {
                    "version": "2.5.0",
                    "resolved": "https://registry.npmjs.org/tslib/-/tslib-2.5.0.tgz",
                    "integrity": "sha512-336iVw3rtn2BUK7ORdIAHTyxHGRIHVReokCR3XjbckJMK7ms8FysBfhLR8IXnAgy7T0PTPNBWKiH514FOW/WSg=="
                }
            }
        },
        "@firebase/app": {
            "version": "0.6.30",
            "resolved": "https://registry.npmjs.org/@firebase/app/-/app-0.6.30.tgz",
            "integrity": "sha512-uAYEDXyK0mmpZ8hWQj5TNd7WVvfsU8PgsqKpGljbFBG/HhsH8KbcykWAAA+c1PqL7dt/dbt0Reh1y9zEdYzMhg==",
            "requires": {
                "@firebase/app-types": "0.6.3",
                "@firebase/component": "0.5.6",
                "@firebase/logger": "0.2.6",
                "@firebase/util": "1.3.0",
                "dom-storage": "2.1.0",
                "tslib": "^2.1.0",
                "xmlhttprequest": "1.8.0"
            },
            "dependencies": {
                "@firebase/component": {
                    "version": "0.5.6",
                    "resolved": "https://registry.npmjs.org/@firebase/component/-/component-0.5.6.tgz",
                    "integrity": "sha512-GyQJ+2lrhsDqeGgd1VdS7W+Y6gNYyI0B51ovNTxeZVG/W8I7t9MwEiCWsCvfm5wQgfsKp9dkzOcJrL5k8oVO/Q==",
                    "requires": {
                        "@firebase/util": "1.3.0",
                        "tslib": "^2.1.0"
                    }
                },
                "@firebase/util": {
                    "version": "1.3.0",
                    "resolved": "https://registry.npmjs.org/@firebase/util/-/util-1.3.0.tgz",
                    "integrity": "sha512-SESvmYwuKOVCZ1ZxLbberbx+9cnbxpCa4CG2FUSQYqN6Ab8KyltegMDIsqMw5KyIBZ4n1phfHoOa22xo5NzAlQ==",
                    "requires": {
                        "tslib": "^2.1.0"
                    }
                },
                "tslib": {
                    "version": "2.5.0",
                    "resolved": "https://registry.npmjs.org/tslib/-/tslib-2.5.0.tgz",
                    "integrity": "sha512-336iVw3rtn2BUK7ORdIAHTyxHGRIHVReokCR3XjbckJMK7ms8FysBfhLR8IXnAgy7T0PTPNBWKiH514FOW/WSg=="
                }
            }
        },
        "@firebase/app-types": {
            "version": "0.6.3",
            "resolved": "https://registry.npmjs.org/@firebase/app-types/-/app-types-0.6.3.tgz",
            "integrity": "sha512-/M13DPPati7FQHEQ9Minjk1HGLm/4K4gs9bR4rzLCWJg64yGtVC0zNg9gDpkw9yc2cvol/mNFxqTtd4geGrwdw=="
        },
        "@firebase/auth": {
            "version": "0.14.9",
            "resolved": "https://registry.npmjs.org/@firebase/auth/-/auth-0.14.9.tgz",
            "integrity": "sha512-PxYa2r5qUEdheXTvqROFrMstK8W4uPiP7NVfp+2Bec+AjY5PxZapCx/YFDLkU0D7YBI82H74PtZrzdJZw7TJ4w==",
            "requires": {
                "@firebase/auth-types": "0.10.1"
            }
        },
        "@firebase/auth-types": {
            "version": "0.10.1",
            "resolved": "https://registry.npmjs.org/@firebase/auth-types/-/auth-types-0.10.1.tgz",
            "integrity": "sha512-/+gBHb1O9x/YlG7inXfxff/6X3BPZt4zgBv4kql6HEmdzNQCodIRlEYnI+/da+lN+dha7PjaFH7C7ewMmfV7rw=="
        },
        "@firebase/component": {
            "version": "0.6.4",
            "resolved": "https://registry.npmjs.org/@firebase/component/-/component-0.6.4.tgz",
            "integrity": "sha512-rLMyrXuO9jcAUCaQXCMjCMUsWrba5fzHlNK24xz5j2W6A/SRmK8mZJ/hn7V0fViLbxC0lPMtrK1eYzk6Fg03jA==",
            "requires": {
                "@firebase/util": "1.9.3",
                "tslib": "^2.1.0"
            },
            "dependencies": {
                "tslib": {
                    "version": "2.5.0",
                    "resolved": "https://registry.npmjs.org/tslib/-/tslib-2.5.0.tgz",
                    "integrity": "sha512-336iVw3rtn2BUK7ORdIAHTyxHGRIHVReokCR3XjbckJMK7ms8FysBfhLR8IXnAgy7T0PTPNBWKiH514FOW/WSg=="
                }
            }
        },
        "@firebase/installations": {
            "version": "0.6.4",
            "resolved": "https://registry.npmjs.org/@firebase/installations/-/installations-0.6.4.tgz",
            "integrity": "sha512-u5y88rtsp7NYkCHC3ElbFBrPtieUybZluXyzl7+4BsIz4sqb4vSAuwHEUgCgCeaQhvsnxDEU6icly8U9zsJigA==",
            "requires": {
                "@firebase/component": "0.6.4",
                "@firebase/util": "1.9.3",
                "idb": "7.0.1",
                "tslib": "^2.1.0"
            },
            "dependencies": {
                "tslib": {
                    "version": "2.5.0",
                    "resolved": "https://registry.npmjs.org/tslib/-/tslib-2.5.0.tgz",
                    "integrity": "sha512-336iVw3rtn2BUK7ORdIAHTyxHGRIHVReokCR3XjbckJMK7ms8FysBfhLR8IXnAgy7T0PTPNBWKiH514FOW/WSg=="
                }
            }
        },
        "@firebase/logger": {
            "version": "0.2.6",
            "resolved": "https://registry.npmjs.org/@firebase/logger/-/logger-0.2.6.tgz",
            "integrity": "sha512-KIxcUvW/cRGWlzK9Vd2KB864HlUnCfdTH0taHE0sXW5Xl7+W68suaeau1oKNEqmc3l45azkd4NzXTCWZRZdXrw=="
        },
        "@firebase/performance": {
            "version": "0.6.4",
            "resolved": "https://registry.npmjs.org/@firebase/performance/-/performance-0.6.4.tgz",
            "integrity": "sha512-HfTn/bd8mfy/61vEqaBelNiNnvAbUtME2S25A67Nb34zVuCSCRIX4SseXY6zBnOFj3oLisaEqhVcJmVPAej67g==",
            "requires": {
                "@firebase/component": "0.6.4",
                "@firebase/installations": "0.6.4",
                "@firebase/logger": "0.4.0",
                "@firebase/util": "1.9.3",
                "tslib": "^2.1.0"
            },
            "dependencies": {
                "@firebase/logger": {
                    "version": "0.4.0",
                    "resolved": "https://registry.npmjs.org/@firebase/logger/-/logger-0.4.0.tgz",
                    "integrity": "sha512-eRKSeykumZ5+cJPdxxJRgAC3G5NknY2GwEbKfymdnXtnT0Ucm4pspfR6GT4MUQEDuJwRVbVcSx85kgJulMoFFA==",
                    "requires": {
                        "tslib": "^2.1.0"
                    }
                },
                "tslib": {
                    "version": "2.5.0",
                    "resolved": "https://registry.npmjs.org/tslib/-/tslib-2.5.0.tgz",
                    "integrity": "sha512-336iVw3rtn2BUK7ORdIAHTyxHGRIHVReokCR3XjbckJMK7ms8FysBfhLR8IXnAgy7T0PTPNBWKiH514FOW/WSg=="
                }
            }
        },
        "@firebase/util": {
            "version": "1.9.3",
            "resolved": "https://registry.npmjs.org/@firebase/util/-/util-1.9.3.tgz",
            "integrity": "sha512-DY02CRhOZwpzO36fHpuVysz6JZrscPiBXD0fXp6qSrL9oNOx5KWICKdR95C0lSITzxp0TZosVyHqzatE8JbcjA==",
            "requires": {
                "tslib": "^2.1.0"
            },
            "dependencies": {
                "tslib": {
                    "version": "2.5.0",
                    "resolved": "https://registry.npmjs.org/tslib/-/tslib-2.5.0.tgz",
                    "integrity": "sha512-336iVw3rtn2BUK7ORdIAHTyxHGRIHVReokCR3XjbckJMK7ms8FysBfhLR8IXnAgy7T0PTPNBWKiH514FOW/WSg=="
                }
            }
        },
        "@types/node": {
            "version": "14.0.27",
            "resolved": "https://registry.npmjs.org/@types/node/-/node-14.0.27.tgz",
            "integrity": "sha512-kVrqXhbclHNHGu9ztnAwSncIgJv/FaxmzXJvGXNdcCpV1b8u1/Mi6z6m0vwy0LzKeXFTPLH0NzwmoJ3fNCIq0g=="
        },
        "@types/zen-observable": {
            "version": "0.8.0",
            "resolved": "https://registry.npmjs.org/@types/zen-observable/-/zen-observable-0.8.0.tgz",
            "integrity": "sha512-te5lMAWii1uEJ4FwLjzdlbw3+n0FZNOvFXHxQDKeT0dilh7HOzdMzV2TrJVUzq8ep7J4Na8OUYPRLSQkJHAlrg=="
        },
        "@wry/context": {
            "version": "0.4.4",
            "resolved": "https://registry.npmjs.org/@wry/context/-/context-0.4.4.tgz",
            "integrity": "sha512-LrKVLove/zw6h2Md/KZyWxIkFM6AoyKp71OqpH9Hiip1csjPVoD3tPxlbQUNxEnHENks3UGgNpSBCAfq9KWuag==",
            "requires": {
                "@types/node": ">=6",
                "tslib": "^1.9.3"
            }
        },
        "@wry/equality": {
            "version": "0.1.11",
            "resolved": "https://registry.npmjs.org/@wry/equality/-/equality-0.1.11.tgz",
            "integrity": "sha512-mwEVBDUVODlsQQ5dfuLUS5/Tf7jqUKyhKYHmVi4fPB6bDMOfWvUPJmKgS1Z7Za/sOI3vzWt4+O7yCiL/70MogA==",
            "requires": {
                "tslib": "^1.9.3"
            }
        },
        "apollo-cache": {
            "version": "1.3.5",
            "resolved": "https://registry.npmjs.org/apollo-cache/-/apollo-cache-1.3.5.tgz",
            "integrity": "sha512-1XoDy8kJnyWY/i/+gLTEbYLnoiVtS8y7ikBr/IfmML4Qb+CM7dEEbIUOjnY716WqmZ/UpXIxTfJsY7rMcqiCXA==",
            "requires": {
                "apollo-utilities": "^1.3.4",
                "tslib": "^1.10.0"
            }
        },
        "apollo-cache-inmemory": {
            "version": "1.6.6",
            "resolved": "https://registry.npmjs.org/apollo-cache-inmemory/-/apollo-cache-inmemory-1.6.6.tgz",
            "integrity": "sha512-L8pToTW/+Xru2FFAhkZ1OA9q4V4nuvfoPecBM34DecAugUZEBhI2Hmpgnzq2hTKZ60LAMrlqiASm0aqAY6F8/A==",
            "requires": {
                "apollo-cache": "^1.3.5",
                "apollo-utilities": "^1.3.4",
                "optimism": "^0.10.0",
                "ts-invariant": "^0.4.0",
                "tslib": "^1.10.0"
            }
        },
        "apollo-client": {
            "version": "2.6.10",
            "resolved": "https://registry.npmjs.org/apollo-client/-/apollo-client-2.6.10.tgz",
            "integrity": "sha512-jiPlMTN6/5CjZpJOkGeUV0mb4zxx33uXWdj/xQCfAMkuNAC3HN7CvYDyMHHEzmcQ5GV12LszWoQ/VlxET24CtA==",
            "requires": {
                "@types/zen-observable": "^0.8.0",
                "apollo-cache": "1.3.5",
                "apollo-link": "^1.0.0",
                "apollo-utilities": "1.3.4",
                "symbol-observable": "^1.0.2",
                "ts-invariant": "^0.4.0",
                "tslib": "^1.10.0",
                "zen-observable": "^0.8.0"
            }
        },
        "apollo-link": {
            "version": "1.2.14",
            "resolved": "https://registry.npmjs.org/apollo-link/-/apollo-link-1.2.14.tgz",
            "integrity": "sha512-p67CMEFP7kOG1JZ0ZkYZwRDa369w5PIjtMjvrQd/HnIV8FRsHRqLqK+oAZQnFa1DDdZtOtHTi+aMIW6EatC2jg==",
            "requires": {
                "apollo-utilities": "^1.3.0",
                "ts-invariant": "^0.4.0",
                "tslib": "^1.9.3",
                "zen-observable-ts": "^0.8.21"
            }
        },
        "apollo-link-http": {
            "version": "1.5.17",
            "resolved": "https://registry.npmjs.org/apollo-link-http/-/apollo-link-http-1.5.17.tgz",
            "integrity": "sha512-uWcqAotbwDEU/9+Dm9e1/clO7hTB2kQ/94JYcGouBVLjoKmTeJTUPQKcJGpPwUjZcSqgYicbFqQSoJIW0yrFvg==",
            "requires": {
                "apollo-link": "^1.2.14",
                "apollo-link-http-common": "^0.2.16",
                "tslib": "^1.9.3"
            }
        },
        "apollo-link-http-common": {
            "version": "0.2.16",
            "resolved": "https://registry.npmjs.org/apollo-link-http-common/-/apollo-link-http-common-0.2.16.tgz",
            "integrity": "sha512-2tIhOIrnaF4UbQHf7kjeQA/EmSorB7+HyJIIrUjJOKBgnXwuexi8aMecRlqTIDWcyVXCeqLhUnztMa6bOH/jTg==",
            "requires": {
                "apollo-link": "^1.2.14",
                "ts-invariant": "^0.4.0",
                "tslib": "^1.9.3"
            }
        },
        "apollo-link-ws": {
            "version": "1.0.20",
            "resolved": "https://registry.npmjs.org/apollo-link-ws/-/apollo-link-ws-1.0.20.tgz",
            "integrity": "sha512-mjSFPlQxmoLArpHBeUb2Xj+2HDYeTaJqFGOqQ+I8NVJxgL9lJe84PDWcPah/yMLv3rB7QgBDSuZ0xoRFBPlySw==",
            "requires": {
                "apollo-link": "^1.2.14",
                "tslib": "^1.9.3"
            }
        },
        "apollo-utilities": {
            "version": "1.3.4",
            "resolved": "https://registry.npmjs.org/apollo-utilities/-/apollo-utilities-1.3.4.tgz",
            "integrity": "sha512-pk2hiWrCXMAy2fRPwEyhvka+mqwzeP60Jr1tRYi5xru+3ko94HI9o6lK0CT33/w4RDlxWchmdhDCrvdr+pHCig==",
            "requires": {
                "@wry/equality": "^0.1.2",
                "fast-json-stable-stringify": "^2.0.0",
                "ts-invariant": "^0.4.0",
                "tslib": "^1.10.0"
            }
        },
        "async-limiter": {
            "version": "1.0.1",
            "resolved": "https://registry.npmjs.org/async-limiter/-/async-limiter-1.0.1.tgz",
            "integrity": "sha512-csOlWGAcRFJaI6m+F2WKdnMKr4HhdhFVBk0H/QbJFMCr+uO2kwohwXQPxw/9OCxp05r5ghVBFSyioixx3gfkNQ=="
        },
        "backo2": {
            "version": "1.0.2",
            "resolved": "https://registry.npmjs.org/backo2/-/backo2-1.0.2.tgz",
            "integrity": "sha1-MasayLEpNjRj41s+u2n038+6eUc="
        },
        "bufferutil": {
            "version": "4.0.1",
            "resolved": "https://registry.npmjs.org/bufferutil/-/bufferutil-4.0.1.tgz",
            "integrity": "sha512-xowrxvpxojqkagPcWRQVXZl0YXhRhAtBEIq3VoER1NH5Mw1n1o0ojdspp+GS2J//2gCVyrzQDApQ4unGF+QOoA==",
            "requires": {
                "node-gyp-build": "~3.7.0"
            }
        },
        "dom-storage": {
            "version": "2.1.0",
            "resolved": "https://registry.npmjs.org/dom-storage/-/dom-storage-2.1.0.tgz",
            "integrity": "sha512-g6RpyWXzl0RR6OTElHKBl7nwnK87GUyZMYC7JWsB/IA73vpqK2K6LT39x4VepLxlSsWBFrPVLnsSR5Jyty0+2Q=="
        },
        "eventemitter3": {
            "version": "3.1.2",
            "resolved": "https://registry.npmjs.org/eventemitter3/-/eventemitter3-3.1.2.tgz",
            "integrity": "sha512-tvtQIeLVHjDkJYnzf2dgVMxfuSGJeM/7UCG17TT4EumTfNtF+0nebF/4zWOIkCreAbtNqhGEboB6BWrwqNaw4Q=="
        },
        "fast-json-stable-stringify": {
            "version": "2.1.0",
            "resolved": "https://registry.npmjs.org/fast-json-stable-stringify/-/fast-json-stable-stringify-2.1.0.tgz",
            "integrity": "sha512-lhd/wF+Lk98HZoTCtlVraHtfh5XYijIjalXck7saUtuanSDyLMxnHhSXEDJqHxD7msR8D0uCmqlkwjCV8xvwHw=="
        },
        "graphql": {
            "version": "14.7.0",
            "resolved": "https://registry.npmjs.org/graphql/-/graphql-14.7.0.tgz",
            "integrity": "sha512-l0xWZpoPKpppFzMfvVyFmp9vLN7w/ZZJPefUicMCepfJeQ8sMcztloGYY9DfjVPo6tIUDzU5Hw3MUbIjj9AVVA==",
            "requires": {
                "iterall": "^1.2.2"
            }
        },
        "graphql-tag": {
            "version": "2.11.0",
            "resolved": "https://registry.npmjs.org/graphql-tag/-/graphql-tag-2.11.0.tgz",
            "integrity": "sha512-VmsD5pJqWJnQZMUeRwrDhfgoyqcfwEkvtpANqcoUG8/tOLkwNgU9mzub/Mc78OJMhHjx7gfAMTxzdG43VGg3bA=="
        },
        "idb": {
            "version": "7.0.1",
            "resolved": "https://registry.npmjs.org/idb/-/idb-7.0.1.tgz",
            "integrity": "sha512-UUxlE7vGWK5RfB/fDwEGgRf84DY/ieqNha6msMV99UsEMQhJ1RwbCd8AYBj3QMgnE3VZnfQvm4oKVCJTYlqIgg=="
        },
        "iterall": {
            "version": "1.3.0",
            "resolved": "https://registry.npmjs.org/iterall/-/iterall-1.3.0.tgz",
            "integrity": "sha512-QZ9qOMdF+QLHxy1QIpUHUU1D5pS2CG2P69LF6L6CPjPYA/XMOmKV3PZpawHoAjHNyB0swdVTRxdYT4tbBbxqwg=="
        },
        "node-gyp-build": {
            "version": "3.7.0",
            "resolved": "https://registry.npmjs.org/node-gyp-build/-/node-gyp-build-3.7.0.tgz",
            "integrity": "sha512-L/Eg02Epx6Si2NXmedx+Okg+4UHqmaf3TNcxd50SF9NQGcJaON3AtU++kax69XV7YWz4tUspqZSAsVofhFKG2w=="
        },
        "optimism": {
            "version": "0.10.3",
            "resolved": "https://registry.npmjs.org/optimism/-/optimism-0.10.3.tgz",
            "integrity": "sha512-9A5pqGoQk49H6Vhjb9kPgAeeECfUDF6aIICbMDL23kDLStBn1MWk3YvcZ4xWF9CsSf6XEgvRLkXy4xof/56vVw==",
            "requires": {
                "@wry/context": "^0.4.0"
            }
        },
        "subscriptions-transport-ws": {
            "version": "0.9.17",
            "resolved": "https://registry.npmjs.org/subscriptions-transport-ws/-/subscriptions-transport-ws-0.9.17.tgz",
            "integrity": "sha512-hNHi2N80PBz4T0V0QhnnsMGvG3XDFDS9mS6BhZ3R12T6EBywC8d/uJscsga0cVO4DKtXCkCRrWm2sOYrbOdhEA==",
            "requires": {
                "backo2": "^1.0.2",
                "eventemitter3": "^3.1.0",
                "iterall": "^1.2.1",
                "symbol-observable": "^1.0.4",
                "ws": "^5.2.0"
            }
        },
        "symbol-observable": {
            "version": "1.2.0",
            "resolved": "https://registry.npmjs.org/symbol-observable/-/symbol-observable-1.2.0.tgz",
            "integrity": "sha512-e900nM8RRtGhlV36KGEU9k65K3mPb1WV70OdjfxlG2EAuM1noi/E/BaW/uMhL7bPEssK8QV57vN3esixjUvcXQ=="
        },
        "ts-invariant": {
            "version": "0.4.4",
            "resolved": "https://registry.npmjs.org/ts-invariant/-/ts-invariant-0.4.4.tgz",
            "integrity": "sha512-uEtWkFM/sdZvRNNDL3Ehu4WVpwaulhwQszV8mrtcdeE8nN00BV9mAmQ88RkrBhFgl9gMgvjJLAQcZbnPXI9mlA==",
            "requires": {
                "tslib": "^1.9.3"
            }
        },
        "tslib": {
            "version": "1.13.0",
            "resolved": "https://registry.npmjs.org/tslib/-/tslib-1.13.0.tgz",
            "integrity": "sha512-i/6DQjL8Xf3be4K/E6Wgpekn5Qasl1usyw++dAA35Ue5orEn65VIxOA+YvNNl9HV3qv70T7CNwjODHZrLwvd1Q=="
        },
        "utf-8-validate": {
            "version": "5.0.2",
            "resolved": "https://registry.npmjs.org/utf-8-validate/-/utf-8-validate-5.0.2.tgz",
            "integrity": "sha512-SwV++i2gTD5qh2XqaPzBnNX88N6HdyhQrNNRykvcS0QKvItV9u3vPEJr+X5Hhfb1JC0r0e1alL0iB09rY8+nmw==",
            "requires": {
                "node-gyp-build": "~3.7.0"
            }
        },
        "ws": {
            "version": "5.2.2",
            "resolved": "https://registry.npmjs.org/ws/-/ws-5.2.2.tgz",
            "integrity": "sha512-jaHFD6PFv6UgoIVda6qZllptQsMlDEJkTQcybzzXDYM1XO9Y8em691FGMPmM46WGyLU4z9KMgQN+qrux/nhlHA==",
            "requires": {
                "async-limiter": "~1.0.0"
            }
        },
        "xmlhttprequest": {
            "version": "1.8.0",
            "resolved": "https://registry.npmjs.org/xmlhttprequest/-/xmlhttprequest-1.8.0.tgz",
            "integrity": "sha1-Z/4HXFwk/vOfnWX197f+dRcZaPw="
        },
        "zen-observable": {
            "version": "0.8.15",
            "resolved": "https://registry.npmjs.org/zen-observable/-/zen-observable-0.8.15.tgz",
            "integrity": "sha512-PQ2PC7R9rslx84ndNBZB/Dkv8V8fZEpk83RLgXtYd0fwUgEjseMn1Dgajh2x6S8QbZAFa9p2qVCEuYZNgve0dQ=="
        },
        "zen-observable-ts": {
            "version": "0.8.21",
            "resolved": "https://registry.npmjs.org/zen-observable-ts/-/zen-observable-ts-0.8.21.tgz",
            "integrity": "sha512-Yj3yXweRc8LdRMrCC8nIc4kkjWecPAUVh0TI0OUrWXx6aX790vLcDlWca6I4vsyCGH3LpWxq0dJRcMOFoVqmeg==",
            "requires": {
                "tslib": "^1.9.3",
                "zen-observable": "^0.8.0"
            }
        }
    }
}
